
Microsoft Visual Studio Solution File, Format Version 12.00
# Visual Studio Version 17
VisualStudioVersion = 17.5.33502.453
MinimumVisualStudioVersion = 10.0.40219.1
Project("{9A19103F-16F7-4668-BE54-9A1E7A4F7556}") = "API", "API\API.csproj", "{61B39F75-A128-43CC-8EE4-0A1EB0A65EAF}"
EndProject
Project("{9A19103F-16F7-4668-BE54-9A1E7A4F7556}") = "Core", "Core\Core.csproj", "{D49E9E9D-B538-4488-81FD-971085D01089}"
EndProject
Project("{9A19103F-16F7-4668-BE54-9A1E7A4F7556}") = "Infrastructure.Data.EF", "Infrastructure.Data.EF\Infrastructure.Data.EF.csproj", "{3047A57E-E10B-407F-BE6C-2D65971E58EB}"
EndProject
Global
	GlobalSection(SolutionConfigurationPlatforms) = preSolution
		Debug|Any CPU = Debug|Any CPU
		Release|Any CPU = Release|Any CPU
	EndGlobalSection
	GlobalSection(ProjectConfigurationPlatforms) = postSolution
		{61B39F75-A128-43CC-8EE4-0A1EB0A65EAF}.Debug|Any CPU.ActiveCfg = Debug|Any CPU
		{61B39F75-A128-43CC-8EE4-0A1EB0A65EAF}.Debug|Any CPU.Build.0 = Debug|Any CPU
		{61B39F75-A128-43CC-8EE4-0A1EB0A65EAF}.Release|Any CPU.ActiveCfg = Release|Any CPU
		{61B39F75-A128-43CC-8EE4-0A1EB0A65EAF}.Release|Any CPU.Build.0 = Release|Any CPU
		{D49E9E9D-B538-4488-81FD-971085D01089}.Debug|Any CPU.ActiveCfg = Debug|Any CPU
		{D49E9E9D-B538-4488-81FD-971085D01089}.Debug|Any CPU.Build.0 = Debug|Any CPU
		{D49E9E9D-B538-4488-81FD-971085D01089}.Release|Any CPU.ActiveCfg = Release|Any CPU
		{D49E9E9D-B538-4488-81FD-971085D01089}.Release|Any CPU.Build.0 = Release|Any CPU
		{3047A57E-E10B-407F-BE6C-2D65971E58EB}.Debug|Any CPU.ActiveCfg = Debug|Any CPU
		{3047A57E-E10B-407F-BE6C-2D65971E58EB}.Debug|Any CPU.Build.0 = Debug|Any CPU
		{3047A57E-E10B-407F-BE6C-2D65971E58EB}.Release|Any CPU.ActiveCfg = Release|Any CPU
		{3047A57E-E10B-407F-BE6C-2D65971E58EB}.Release|Any CPU.Build.0 = Release|Any CPU
	EndGlobalSection
	GlobalSection(SolutionProperties) = preSolution
		HideSolutionNode = FALSE
	EndGlobalSection
	GlobalSection(ExtensibilityGlobals) = postSolution
		SolutionGuid = {3C7BA0F1-6F61-4A97-A195-C6178B53CF51}
	EndGlobalSection
EndGlobal
